// !$*UTF8*$!
{
	archiveVersion = 1;
	classes = {
	};
	objectVersion = 56;
	objects = {

/* Begin PBXBuildFile section */
		225CF7BF2A7F765B00CC0C15 /* FirebaseDatabase in Frameworks */ = {isa = PBXBuildFile; productRef = 225CF7BE2A7F765B00CC0C15 /* FirebaseDatabase */; };
		225CF7C12A7F765B00CC0C15 /* FirebaseDatabaseSwift in Frameworks */ = {isa = PBXBuildFile; productRef = 225CF7C02A7F765B00CC0C15 /* FirebaseDatabaseSwift */; };
		225CF7C32A7F9F5A00CC0C15 /* FirebaseManager.swift in Sources */ = {isa = PBXBuildFile; fileRef = 225CF7C22A7F9F5A00CC0C15 /* FirebaseManager.swift */; };
		225CF7C72A7FAAA500CC0C15 /* Note.swift in Sources */ = {isa = PBXBuildFile; fileRef = 225CF7C62A7FAAA500CC0C15 /* Note.swift */; };
		22F3087B2A7B5FA30078B339 /* TaiNguyen_NotesApp.swift in Sources */ = {isa = PBXBuildFile; fileRef = 22F3087A2A7B5FA30078B339 /* TaiNguyen_NotesApp.swift */; };
		22F3087D2A7B5FA30078B339 /* ContentView.swift in Sources */ = {isa = PBXBuildFile; fileRef = 22F3087C2A7B5FA30078B339 /* ContentView.swift */; };
		22F3087F2A7B5FA40078B339 /* Assets.xcassets in Resources */ = {isa = PBXBuildFile; fileRef = 22F3087E2A7B5FA40078B339 /* Assets.xcassets */; };
		22F308822A7B5FA40078B339 /* Preview Assets.xcassets in Resources */ = {isa = PBXBuildFile; fileRef = 22F308812A7B5FA40078B339 /* Preview Assets.xcassets */; };
		22F3088E2A7B62D10078B339 /* GoogleService-Info.plist in Resources */ = {isa = PBXBuildFile; fileRef = 22F3088D2A7B62D10078B339 /* GoogleService-Info.plist */; };
		22F308902A7E20430078B339 /* NoteViewModel.swift in Sources */ = {isa = PBXBuildFile; fileRef = 22F3088F2A7E20430078B339 /* NoteViewModel.swift */; };
		22F308922A7EB2BE0078B339 /* ProfileView.swift in Sources */ = {isa = PBXBuildFile; fileRef = 22F308912A7EB2BE0078B339 /* ProfileView.swift */; };
		22F308942A7EB31E0078B339 /* NotesView.swift in Sources */ = {isa = PBXBuildFile; fileRef = 22F308932A7EB31E0078B339 /* NotesView.swift */; };
		22F308962A7F6EE40078B339 /* Constant.swift in Sources */ = {isa = PBXBuildFile; fileRef = 22F308952A7F6EE40078B339 /* Constant.swift */; };
/* End PBXBuildFile section */

/* Begin PBXFileReference section */
		225CF7C22A7F9F5A00CC0C15 /* FirebaseManager.swift */ = {isa = PBXFileReference; lastKnownFileType = sourcecode.swift; path = FirebaseManager.swift; sourceTree = "<group>"; };
		225CF7C62A7FAAA500CC0C15 /* Note.swift */ = {isa = PBXFileReference; lastKnownFileType = sourcecode.swift; path = Note.swift; sourceTree = "<group>"; };
		22F308772A7B5FA30078B339 /* TaiNguyen-Notes.app */ = {isa = PBXFileReference; explicitFileType = wrapper.application; includeInIndex = 0; path = "TaiNguyen-Notes.app"; sourceTree = BUILT_PRODUCTS_DIR; };
		22F3087A2A7B5FA30078B339 /* TaiNguyen_NotesApp.swift */ = {isa = PBXFileReference; lastKnownFileType = sourcecode.swift; path = TaiNguyen_NotesApp.swift; sourceTree = "<group>"; };
		22F3087C2A7B5FA30078B339 /* ContentView.swift */ = {isa = PBXFileReference; lastKnownFileType = sourcecode.swift; path = ContentView.swift; sourceTree = "<group>"; };
		22F3087E2A7B5FA40078B339 /* Assets.xcassets */ = {isa = PBXFileReference; lastKnownFileType = folder.assetcatalog; path = Assets.xcassets; sourceTree = "<group>"; };
		22F308812A7B5FA40078B339 /* Preview Assets.xcassets */ = {isa = PBXFileReference; lastKnownFileType = folder.assetcatalog; path = "Preview Assets.xcassets"; sourceTree = "<group>"; };
		22F3088D2A7B62D10078B339 /* GoogleService-Info.plist */ = {isa = PBXFileReference; fileEncoding = 4; lastKnownFileType = text.plist.xml; path = "GoogleService-Info.plist"; sourceTree = "<group>"; };
		22F3088F2A7E20430078B339 /* NoteViewModel.swift */ = {isa = PBXFileReference; lastKnownFileType = sourcecode.swift; path = NoteViewModel.swift; sourceTree = "<group>"; };
		22F308912A7EB2BE0078B339 /* ProfileView.swift */ = {isa = PBXFileReference; lastKnownFileType = sourcecode.swift; path = ProfileView.swift; sourceTree = "<group>"; };
		22F308932A7EB31E0078B339 /* NotesView.swift */ = {isa = PBXFileReference; lastKnownFileType = sourcecode.swift; path = NotesView.swift; sourceTree = "<group>"; };
		22F308952A7F6EE40078B339 /* Constant.swift */ = {isa = PBXFileReference; lastKnownFileType = sourcecode.swift; path = Constant.swift; sourceTree = "<group>"; };
/* End PBXFileReference section */

/* Begin PBXFrameworksBuildPhase section */
		22F308742A7B5FA30078B339 /* Frameworks */ = {
			isa = PBXFrameworksBuildPhase;
			buildActionMask = 2147483647;
			files = (
				225CF7C12A7F765B00CC0C15 /* FirebaseDatabaseSwift in Frameworks */,
				225CF7BF2A7F765B00CC0C15 /* FirebaseDatabase in Frameworks */,
			);
			runOnlyForDeploymentPostprocessing = 0;
		};
/* End PBXFrameworksBuildPhase section */

/* Begin PBXGroup section */
		225CF7C42A7FAA8800CC0C15 /* View */ = {
			isa = PBXGroup;
			children = (
				22F3087C2A7B5FA30078B339 /* ContentView.swift */,
				22F308932A7EB31E0078B339 /* NotesView.swift */,
				22F308912A7EB2BE0078B339 /* ProfileView.swift */,
			);
			path = View;
			sourceTree = "<group>";
		};
		225CF7C52A7FAA8F00CC0C15 /* ViewModel */ = {
			isa = PBXGroup;
			children = (
				22F3088F2A7E20430078B339 /* NoteViewModel.swift */,
			);
			path = ViewModel;
			sourceTree = "<group>";
		};
		225CF7C82A7FAAD600CC0C15 /* Model */ = {
			isa = PBXGroup;
			children = (
				225CF7C62A7FAAA500CC0C15 /* Note.swift */,
			);
			path = Model;
			sourceTree = "<group>";
		};
		225CF7C92A7FAAF500CC0C15 /* Helper */ = {
			isa = PBXGroup;
			children = (
				22F308952A7F6EE40078B339 /* Constant.swift */,
				225CF7C22A7F9F5A00CC0C15 /* FirebaseManager.swift */,
			);
			path = Helper;
			sourceTree = "<group>";
		};
		22F3086E2A7B5FA30078B339 = {
			isa = PBXGroup;
			children = (
				22F308792A7B5FA30078B339 /* TaiNguyen-Notes */,
				22F308782A7B5FA30078B339 /* Products */,
			);
			sourceTree = "<group>";
		};
		22F308782A7B5FA30078B339 /* Products */ = {
			isa = PBXGroup;
			children = (
				22F308772A7B5FA30078B339 /* TaiNguyen-Notes.app */,
			);
			name = Products;
			sourceTree = "<group>";
		};
		22F308792A7B5FA30078B339 /* TaiNguyen-Notes */ = {
			isa = PBXGroup;
			children = (
				22F3088D2A7B62D10078B339 /* GoogleService-Info.plist */,
				22F3087A2A7B5FA30078B339 /* TaiNguyen_NotesApp.swift */,
				225CF7C82A7FAAD600CC0C15 /* Model */,
				225CF7C42A7FAA8800CC0C15 /* View */,
				225CF7C52A7FAA8F00CC0C15 /* ViewModel */,
				225CF7C92A7FAAF500CC0C15 /* Helper */,
				22F3087E2A7B5FA40078B339 /* Assets.xcassets */,
				22F308802A7B5FA40078B339 /* Preview Content */,
			);
			path = "TaiNguyen-Notes";
			sourceTree = "<group>";
		};
		22F308802A7B5FA40078B339 /* Preview Content */ = {
			isa = PBXGroup;
			children = (
				22F308812A7B5FA40078B339 /* Preview Assets.xcassets */,
			);
			path = "Preview Content";
			sourceTree = "<group>";
		};
/* End PBXGroup section */

/* Begin PBXNativeTarget section */
		22F308762A7B5FA30078B339 /* TaiNguyen-Notes */ = {
			isa = PBXNativeTarget;
			buildConfigurationList = 22F308852A7B5FA40078B339 /* Build configuration list for PBXNativeTarget "TaiNguyen-Notes" */;
			buildPhases = (
				22F308732A7B5FA30078B339 /* Sources */,
				22F308742A7B5FA30078B339 /* Frameworks */,
				22F308752A7B5FA30078B339 /* Resources */,
			);
			buildRules = (
			);
			dependencies = (
			);
			name = "TaiNguyen-Notes";
			packageProductDependencies = (
				225CF7BE2A7F765B00CC0C15 /* FirebaseDatabase */,
				225CF7C02A7F765B00CC0C15 /* FirebaseDatabaseSwift */,
			);
			productName = "TaiNguyen-Notes";
			productReference = 22F308772A7B5FA30078B339 /* TaiNguyen-Notes.app */;
			productType = "com.apple.product-type.application";
		};
/* End PBXNativeTarget section */

/* Begin PBXProject section */
		22F3086F2A7B5FA30078B339 /* Project object */ = {
			isa = PBXProject;
			attributes = {
				BuildIndependentTargetsInParallel = 1;
				LastSwiftUpdateCheck = 1430;
				LastUpgradeCheck = 1430;
				TargetAttributes = {
					22F308762A7B5FA30078B339 = {
						CreatedOnToolsVersion = 14.3.1;
					};
				};
			};
			buildConfigurationList = 22F308722A7B5FA30078B339 /* Build configuration list for PBXProject "TaiNguyen-Notes" */;
			compatibilityVersion = "Xcode 14.0";
			developmentRegion = en;
			hasScannedForEncodings = 0;
			knownRegions = (
				en,
				Base,
			);
			mainGroup = 22F3086E2A7B5FA30078B339;
			packageReferences = (
				225CF7BD2A7F765B00CC0C15 /* XCRemoteSwiftPackageReference "firebase-ios-sdk" */,
			);
			productRefGroup = 22F308782A7B5FA30078B339 /* Products */;
			projectDirPath = "";
			projectRoot = "";
			targets = (
				22F308762A7B5FA30078B339 /* TaiNguyen-Notes */,
			);
		};
/* End PBXProject section */

/* Begin PBXResourcesBuildPhase section */
		22F308752A7B5FA30078B339 /* Resources */ = {
			isa = PBXResourcesBuildPhase;
			buildActionMask = 2147483647;
			files = (
				22F308822A7B5FA40078B339 /* Preview Assets.xcassets in Resources */,
				22F3087F2A7B5FA40078B339 /* Assets.xcassets in Resources */,
				22F3088E2A7B62D10078B339 /* GoogleService-Info.plist in Resources */,
			);
			runOnlyForDeploymentPostprocessing = 0;
		};
/* End PBXResourcesBuildPhase section */

/* Begin PBXSourcesBuildPhase section */
		22F308732A7B5FA30078B339 /* Sources */ = {
			isa = PBXSourcesBuildPhase;
			buildActionMask = 2147483647;
			files = (
				22F308922A7EB2BE0078B339 /* ProfileView.swift in Sources */,
				22F3087D2A7B5FA30078B339 /* ContentView.swift in Sources */,
				225CF7C32A7F9F5A00CC0C15 /* FirebaseManager.swift in Sources */,
				225CF7C72A7FAAA500CC0C15 /* Note.swift in Sources */,
				22F308942A7EB31E0078B339 /* NotesView.swift in Sources */,
				22F308902A7E20430078B339 /* NoteViewModel.swift in Sources */,
				22F308962A7F6EE40078B339 /* Constant.swift in Sources */,
				22F3087B2A7B5FA30078B339 /* TaiNguyen_NotesApp.swift in Sources */,
			);
			runOnlyForDeploymentPostprocessing = 0;
		};
/* End PBXSourcesBuildPhase section */

/* Begin XCBuildConfiguration section */
		22F308832A7B5FA40078B339 /* Debug */ = {
			isa = XCBuildConfiguration;
			buildSettings = {
				ALWAYS_SEARCH_USER_PATHS = NO;
				CLANG_ANALYZER_NONNULL = YES;
				CLANG_ANALYZER_NUMBER_OBJECT_CONVERSION = YES_AGGRESSIVE;
				CLANG_CXX_LANGUAGE_STANDARD = "gnu++20";
				CLANG_ENABLE_MODULES = YES;
				CLANG_ENABLE_OBJC_ARC = YES;
				CLANG_ENABLE_OBJC_WEAK = YES;
				CLANG_WARN_BLOCK_CAPTURE_AUTORELEASING = YES;
				CLANG_WARN_BOOL_CONVERSION = YES;
				CLANG_WARN_COMMA = YES;
				CLANG_WARN_CONSTANT_CONVERSION = YES;
				CLANG_WARN_DEPRECATED_OBJC_IMPLEMENTATIONS = YES;
				CLANG_WARN_DIRECT_OBJC_ISA_USAGE = YES_ERROR;
				CLANG_WARN_DOCUMENTATION_COMMENTS = YES;
				CLANG_WARN_EMPTY_BODY = YES;
				CLANG_WARN_ENUM_CONVERSION = YES;
				CLANG_WARN_INFINITE_RECURSION = YES;
				CLANG_WARN_INT_CONVERSION = YES;
				CLANG_WARN_NON_LITERAL_NULL_CONVERSION = YES;
				CLANG_WARN_OBJC_IMPLICIT_RETAIN_SELF = YES;
				CLANG_WARN_OBJC_LITERAL_CONVERSION = YES;
				CLANG_WARN_OBJC_ROOT_CLASS = YES_ERROR;
				CLANG_WARN_QUOTED_INCLUDE_IN_FRAMEWORK_HEADER = YES;
				CLANG_WARN_RANGE_LOOP_ANALYSIS = YES;
				CLANG_WARN_STRICT_PROTOTYPES = YES;
				CLANG_WARN_SUSPICIOUS_MOVE = YES;
				CLANG_WARN_UNGUARDED_AVAILABILITY = YES_AGGRESSIVE;
				CLANG_WARN_UNREACHABLE_CODE = YES;
				CLANG_WARN__DUPLICATE_METHOD_MATCH = YES;
				COPY_PHASE_STRIP = NO;
				DEBUG_INFORMATION_FORMAT = dwarf;
				ENABLE_STRICT_OBJC_MSGSEND = YES;
				ENABLE_TESTABILITY = YES;
				GCC_C_LANGUAGE_STANDARD = gnu11;
				GCC_DYNAMIC_NO_PIC = NO;
				GCC_NO_COMMON_BLOCKS = YES;
				GCC_OPTIMIZATION_LEVEL = 0;
				GCC_PREPROCESSOR_DEFINITIONS = (
					"DEBUG=1",
					"$(inherited)",
				);
				GCC_WARN_64_TO_32_BIT_CONVERSION = YES;
				GCC_WARN_ABOUT_RETURN_TYPE = YES_ERROR;
				GCC_WARN_UNDECLARED_SELECTOR = YES;
				GCC_WARN_UNINITIALIZED_AUTOS = YES_AGGRESSIVE;
				GCC_WARN_UNUSED_FUNCTION = YES;
				GCC_WARN_UNUSED_VARIABLE = YES;
				IPHONEOS_DEPLOYMENT_TARGET = 16.4;
				MTL_ENABLE_DEBUG_INFO = INCLUDE_SOURCE;
				MTL_FAST_MATH = YES;
				ONLY_ACTIVE_ARCH = YES;
				SDKROOT = iphoneos;
				SWIFT_ACTIVE_COMPILATION_CONDITIONS = DEBUG;
				SWIFT_OPTIMIZATION_LEVEL = "-Onone";
			};
			name = Debug;
		};
		22F308842A7B5FA40078B339 /* Release */ = {
			isa = XCBuildConfiguration;
			buildSettings = {
				ALWAYS_SEARCH_USER_PATHS = NO;
				CLANG_ANALYZER_NONNULL = YES;
				CLANG_ANALYZER_NUMBER_OBJECT_CONVERSION = YES_AGGRESSIVE;
				CLANG_CXX_LANGUAGE_STANDARD = "gnu++20";
				CLANG_ENABLE_MODULES = YES;
				CLANG_ENABLE_OBJC_ARC = YES;
				CLANG_ENABLE_OBJC_WEAK = YES;
				CLANG_WARN_BLOCK_CAPTURE_AUTORELEASING = YES;
				CLANG_WARN_BOOL_CONVERSION = YES;
				CLANG_WARN_COMMA = YES;
				CLANG_WARN_CONSTANT_CONVERSION = YES;
				CLANG_WARN_DEPRECATED_OBJC_IMPLEMENTATIONS = YES;
				CLANG_WARN_DIRECT_OBJC_ISA_USAGE = YES_ERROR;
				CLANG_WARN_DOCUMENTATION_COMMENTS = YES;
				CLANG_WARN_EMPTY_BODY = YES;
				CLANG_WARN_ENUM_CONVERSION = YES;
				CLANG_WARN_INFINITE_RECURSION = YES;
				CLANG_WARN_INT_CONVERSION = YES;
				CLANG_WARN_NON_LITERAL_NULL_CONVERSION = YES;
				CLANG_WARN_OBJC_IMPLICIT_RETAIN_SELF = YES;
				CLANG_WARN_OBJC_LITERAL_CONVERSION = YES;
				CLANG_WARN_OBJC_ROOT_CLASS = YES_ERROR;
				CLANG_WARN_QUOTED_INCLUDE_IN_FRAMEWORK_HEADER = YES;
				CLANG_WARN_RANGE_LOOP_ANALYSIS = YES;
				CLANG_WARN_STRICT_PROTOTYPES = YES;
				CLANG_WARN_SUSPICIOUS_MOVE = YES;
				CLANG_WARN_UNGUARDED_AVAILABILITY = YES_AGGRESSIVE;
				CLANG_WARN_UNREACHABLE_CODE = YES;
				CLANG_WARN__DUPLICATE_METHOD_MATCH = YES;
				COPY_PHASE_STRIP = NO;
				DEBUG_INFORMATION_FORMAT = "dwarf-with-dsym";
				ENABLE_NS_ASSERTIONS = NO;
				ENABLE_STRICT_OBJC_MSGSEND = YES;
				GCC_C_LANGUAGE_STANDARD = gnu11;
				GCC_NO_COMMON_BLOCKS = YES;
				GCC_WARN_64_TO_32_BIT_CONVERSION = YES;
				GCC_WARN_ABOUT_RETURN_TYPE = YES_ERROR;
				GCC_WARN_UNDECLARED_SELECTOR = YES;
				GCC_WARN_UNINITIALIZED_AUTOS = YES_AGGRESSIVE;
				GCC_WARN_UNUSED_FUNCTION = YES;
				GCC_WARN_UNUSED_VARIABLE = YES;
				IPHONEOS_DEPLOYMENT_TARGET = 16.4;
				MTL_ENABLE_DEBUG_INFO = NO;
				MTL_FAST_MATH = YES;
				SDKROOT = iphoneos;
				SWIFT_COMPILATION_MODE = wholemodule;
				SWIFT_OPTIMIZATION_LEVEL = "-O";
				VALIDATE_PRODUCT = YES;
			};
			name = Release;
		};
		22F308862A7B5FA40078B339 /* Debug */ = {
			isa = XCBuildConfiguration;
			buildSettings = {
				ASSETCATALOG_COMPILER_APPICON_NAME = AppIcon;
				ASSETCATALOG_COMPILER_GLOBAL_ACCENT_COLOR_NAME = AccentColor;
				CODE_SIGN_STYLE = Automatic;
				CURRENT_PROJECT_VERSION = 1;
				DEVELOPMENT_ASSET_PATHS = "\"TaiNguyen-Notes/Preview Content\"";
				DEVELOPMENT_TEAM = B24EEZ8S3G;
				ENABLE_PREVIEWS = YES;
				GENERATE_INFOPLIST_FILE = YES;
				INFOPLIST_KEY_UIApplicationSceneManifest_Generation = YES;
				INFOPLIST_KEY_UIApplicationSupportsIndirectInputEvents = YES;
				INFOPLIST_KEY_UILaunchScreen_Generation = YES;
				INFOPLIST_KEY_UISupportedInterfaceOrientations_iPad = "UIInterfaceOrientationPortrait UIInterfaceOrientationPortraitUpsideDown UIInterfaceOrientationLandscapeLeft UIInterfaceOrientationLandscapeRight";
				INFOPLIST_KEY_UISupportedInterfaceOrientations_iPhone = "UIInterfaceOrientationPortrait UIInterfaceOrientationLandscapeLeft UIInterfaceOrientationLandscapeRight";
				IPHONEOS_DEPLOYMENT_TARGET = 15.0;
				LD_RUNPATH_SEARCH_PATHS = (
					"$(inherited)",
					"@executable_path/Frameworks",
				);
				MARKETING_VERSION = 1.0;
				PRODUCT_BUNDLE_IDENTIFIER = "com.tainguyen.TaiNguyen-Notes";
				PRODUCT_NAME = "$(TARGET_NAME)";
				SWIFT_EMIT_LOC_STRINGS = YES;
				SWIFT_VERSION = 5.0;
				TARGETED_DEVICE_FAMILY = "1,2";
			};
			name = Debug;
		};
		22F308872A7B5FA40078B339 /* Release */ = {
			isa = XCBuildConfiguration;
			buildSettings = {
				ASSETCATALOG_COMPILER_APPICON_NAME = AppIcon;
				ASSETCATALOG_COMPILER_GLOBAL_ACCENT_COLOR_NAME = AccentColor;
				CODE_SIGN_STYLE = Automatic;
				CURRENT_PROJECT_VERSION = 1;
				DEVELOPMENT_ASSET_PATHS = "\"TaiNguyen-Notes/Preview Content\"";
				DEVELOPMENT_TEAM = B24EEZ8S3G;
				ENABLE_PREVIEWS = YES;
				GENERATE_INFOPLIST_FILE = YES;
				INFOPLIST_KEY_UIApplicationSceneManifest_Generation = YES;
				INFOPLIST_KEY_UIApplicationSupportsIndirectInputEvents = YES;
				INFOPLIST_KEY_UILaunchScreen_Generation = YES;
				INFOPLIST_KEY_UISupportedInterfaceOrientations_iPad = "UIInterfaceOrientationPortrait UIInterfaceOrientationPortraitUpsideDown UIInterfaceOrientationLandscapeLeft UIInterfaceOrientationLandscapeRight";
				INFOPLIST_KEY_UISupportedInterfaceOrientations_iPhone = "UIInterfaceOrientationPortrait UIInterfaceOrientationLandscapeLeft UIInterfaceOrientationLandscapeRight";
				IPHONEOS_DEPLOYMENT_TARGET = 15.0;
				LD_RUNPATH_SEARCH_PATHS = (
					"$(inherited)",
					"@executable_path/Frameworks",
				);
				MARKETING_VERSION = 1.0;
				PRODUCT_BUNDLE_IDENTIFIER = "com.tainguyen.TaiNguyen-Notes";
				PRODUCT_NAME = "$(TARGET_NAME)";
				SWIFT_EMIT_LOC_STRINGS = YES;
				SWIFT_VERSION = 5.0;
				TARGETED_DEVICE_FAMILY = "1,2";
			};
			name = Release;
		};
/* End XCBuildConfiguration section */

/* Begin XCConfigurationList section */
		22F308722A7B5FA30078B339 /* Build configuration list for PBXProject "TaiNguyen-Notes" */ = {
			isa = XCConfigurationList;
			buildConfigurations = (
				22F308832A7B5FA40078B339 /* Debug */,
				22F308842A7B5FA40078B339 /* Release */,
			);
			defaultConfigurationIsVisible = 0;
			defaultConfigurationName = Release;
		};
		22F308852A7B5FA40078B339 /* Build configuration list for PBXNativeTarget "TaiNguyen-Notes" */ = {
			isa = XCConfigurationList;
			buildConfigurations = (
				22F308862A7B5FA40078B339 /* Debug */,
				22F308872A7B5FA40078B339 /* Release */,
			);
			defaultConfigurationIsVisible = 0;
			defaultConfigurationName = Release;
		};
/* End XCConfigurationList section */

/* Begin XCRemoteSwiftPackageReference section */
		225CF7BD2A7F765B00CC0C15 /* XCRemoteSwiftPackageReference "firebase-ios-sdk" */ = {
			isa = XCRemoteSwiftPackageReference;
			repositoryURL = "https://github.com/firebase/firebase-ios-sdk.git";
			requirement = {
				kind = upToNextMajorVersion;
				minimumVersion = 10.0.0;
			};
		};
/* End XCRemoteSwiftPackageReference section */

/* Begin XCSwiftPackageProductDependency section */
		225CF7BE2A7F765B00CC0C15 /* FirebaseDatabase */ = {
			isa = XCSwiftPackageProductDependency;
			package = 225CF7BD2A7F765B00CC0C15 /* XCRemoteSwiftPackageReference "firebase-ios-sdk" */;
			productName = FirebaseDatabase;
		};
		225CF7C02A7F765B00CC0C15 /* FirebaseDatabaseSwift */ = {
			isa = XCSwiftPackageProductDependency;
			package = 225CF7BD2A7F765B00CC0C15 /* XCRemoteSwiftPackageReference "firebase-ios-sdk" */;
			productName = FirebaseDatabaseSwift;
		};
/* End XCSwiftPackageProductDependency section */
	};
	rootObject = 22F3086F2A7B5FA30078B339 /* Project object */;
}
